
Microsoft Visual Studio Solution File, Format Version 12.00
# Visual Studio 15
VisualStudioVersion = 15.0.28010.2048
MinimumVisualStudioVersion = 10.0.40219.1
Project("{FAE04EC0-301F-11D3-BF4B-00C04F79EFBC}") = "ElevatorProgram", "ElevatorProgram\ElevatorProgram.csproj", "{A5DF9C95-190C-47F4-8B5C-C17E4CB6D9EA}"
EndProject
Project("{FAE04EC0-301F-11D3-BF4B-00C04F79EFBC}") = "ElevatorLibrary", "ElevatorLibrary\ElevatorLibrary.csproj", "{430A78B4-66DD-483B-BAAB-3249DF0DB0EA}"
EndProject
Global
	GlobalSection(SolutionConfigurationPlatforms) = preSolution
		Debug|Any CPU = Debug|Any CPU
		Release|Any CPU = Release|Any CPU
	EndGlobalSection
	GlobalSection(ProjectConfigurationPlatforms) = postSolution
		{A5DF9C95-190C-47F4-8B5C-C17E4CB6D9EA}.Debug|Any CPU.ActiveCfg = Debug|Any CPU
		{A5DF9C95-190C-47F4-8B5C-C17E4CB6D9EA}.Debug|Any CPU.Build.0 = Debug|Any CPU
		{A5DF9C95-190C-47F4-8B5C-C17E4CB6D9EA}.Release|Any CPU.ActiveCfg = Release|Any CPU
		{A5DF9C95-190C-47F4-8B5C-C17E4CB6D9EA}.Release|Any CPU.Build.0 = Release|Any CPU
		{430A78B4-66DD-483B-BAAB-3249DF0DB0EA}.Debug|Any CPU.ActiveCfg = Debug|Any CPU
		{430A78B4-66DD-483B-BAAB-3249DF0DB0EA}.Debug|Any CPU.Build.0 = Debug|Any CPU
		{430A78B4-66DD-483B-BAAB-3249DF0DB0EA}.Release|Any CPU.ActiveCfg = Release|Any CPU
		{430A78B4-66DD-483B-BAAB-3249DF0DB0EA}.Release|Any CPU.Build.0 = Release|Any CPU
	EndGlobalSection
	GlobalSection(SolutionProperties) = preSolution
		HideSolutionNode = FALSE
	EndGlobalSection
	GlobalSection(ExtensibilityGlobals) = postSolution
		SolutionGuid = {5392647B-8719-44DC-94A2-26077FBCAD40}
	EndGlobalSection
EndGlobal
